
Microsoft Visual Studio Solution File, Format Version 12.00
# Visual Studio 15
VisualStudioVersion = 15.0.27703.2042
MinimumVisualStudioVersion = 10.0.40219.1
Project("{9A19103F-16F7-4668-BE54-9A1E7A4F7556}") = "Persons", "Persons\Persons.csproj", "{ADC43C6F-5C62-4FE6-9B38-5293799E990F}"
EndProject
Project("{FAE04EC0-301F-11D3-BF4B-00C04F79EFBC}") = "Salary", "Salary\Salary.csproj", "{B0BE4E50-770C-4993-BFFF-C8F3F483904F}"
EndProject
Project("{FAE04EC0-301F-11D3-BF4B-00C04F79EFBC}") = "Validation", "Validation\Validation.csproj", "{3010420D-8FFE-4537-8F00-8666A576CD9F}"
EndProject
Project("{FAE04EC0-301F-11D3-BF4B-00C04F79EFBC}") = "Team", "Team\Team.csproj", "{AC571992-5A0D-4728-B918-A2D7657CA6E2}"
EndProject
Global
	GlobalSection(SolutionConfigurationPlatforms) = preSolution
		Debug|Any CPU = Debug|Any CPU
		Release|Any CPU = Release|Any CPU
	EndGlobalSection
	GlobalSection(ProjectConfigurationPlatforms) = postSolution
		{ADC43C6F-5C62-4FE6-9B38-5293799E990F}.Debug|Any CPU.ActiveCfg = Debug|Any CPU
		{ADC43C6F-5C62-4FE6-9B38-5293799E990F}.Debug|Any CPU.Build.0 = Debug|Any CPU
		{ADC43C6F-5C62-4FE6-9B38-5293799E990F}.Release|Any CPU.ActiveCfg = Release|Any CPU
		{ADC43C6F-5C62-4FE6-9B38-5293799E990F}.Release|Any CPU.Build.0 = Release|Any CPU
		{B0BE4E50-770C-4993-BFFF-C8F3F483904F}.Debug|Any CPU.ActiveCfg = Debug|Any CPU
		{B0BE4E50-770C-4993-BFFF-C8F3F483904F}.Debug|Any CPU.Build.0 = Debug|Any CPU
		{B0BE4E50-770C-4993-BFFF-C8F3F483904F}.Release|Any CPU.ActiveCfg = Release|Any CPU
		{B0BE4E50-770C-4993-BFFF-C8F3F483904F}.Release|Any CPU.Build.0 = Release|Any CPU
		{3010420D-8FFE-4537-8F00-8666A576CD9F}.Debug|Any CPU.ActiveCfg = Debug|Any CPU
		{3010420D-8FFE-4537-8F00-8666A576CD9F}.Debug|Any CPU.Build.0 = Debug|Any CPU
		{3010420D-8FFE-4537-8F00-8666A576CD9F}.Release|Any CPU.ActiveCfg = Release|Any CPU
		{3010420D-8FFE-4537-8F00-8666A576CD9F}.Release|Any CPU.Build.0 = Release|Any CPU
		{AC571992-5A0D-4728-B918-A2D7657CA6E2}.Debug|Any CPU.ActiveCfg = Debug|Any CPU
		{AC571992-5A0D-4728-B918-A2D7657CA6E2}.Debug|Any CPU.Build.0 = Debug|Any CPU
		{AC571992-5A0D-4728-B918-A2D7657CA6E2}.Release|Any CPU.ActiveCfg = Release|Any CPU
		{AC571992-5A0D-4728-B918-A2D7657CA6E2}.Release|Any CPU.Build.0 = Release|Any CPU
	EndGlobalSection
	GlobalSection(SolutionProperties) = preSolution
		HideSolutionNode = FALSE
	EndGlobalSection
	GlobalSection(ExtensibilityGlobals) = postSolution
		SolutionGuid = {017A5CB3-E74C-45E7-9E42-0B74BCA54CB7}
	EndGlobalSection
EndGlobal
