
Microsoft Visual Studio Solution File, Format Version 12.00
# Visual Studio 15
VisualStudioVersion = 15.0.28010.2019
MinimumVisualStudioVersion = 10.0.40219.1
Project("{9A19103F-16F7-4668-BE54-9A1E7A4F7556}") = "Box", "Box\Box.csproj", "{AD82B77D-5E0E-4E10-A211-34FE36D56C7A}"
EndProject
Project("{9A19103F-16F7-4668-BE54-9A1E7A4F7556}") = "ArrayCreator", "ArrayCreator\ArrayCreator.csproj", "{DB377EE3-EE88-440B-8491-4488CC837775}"
EndProject
Project("{FAE04EC0-301F-11D3-BF4B-00C04F79EFBC}") = "Scale", "Scale\Scale.csproj", "{2EC32CA0-3003-49D1-9E40-73B8EFA94A4C}"
EndProject
Global
	GlobalSection(SolutionConfigurationPlatforms) = preSolution
		Debug|Any CPU = Debug|Any CPU
		Release|Any CPU = Release|Any CPU
	EndGlobalSection
	GlobalSection(ProjectConfigurationPlatforms) = postSolution
		{AD82B77D-5E0E-4E10-A211-34FE36D56C7A}.Debug|Any CPU.ActiveCfg = Debug|Any CPU
		{AD82B77D-5E0E-4E10-A211-34FE36D56C7A}.Debug|Any CPU.Build.0 = Debug|Any CPU
		{AD82B77D-5E0E-4E10-A211-34FE36D56C7A}.Release|Any CPU.ActiveCfg = Release|Any CPU
		{AD82B77D-5E0E-4E10-A211-34FE36D56C7A}.Release|Any CPU.Build.0 = Release|Any CPU
		{DB377EE3-EE88-440B-8491-4488CC837775}.Debug|Any CPU.ActiveCfg = Debug|Any CPU
		{DB377EE3-EE88-440B-8491-4488CC837775}.Debug|Any CPU.Build.0 = Debug|Any CPU
		{DB377EE3-EE88-440B-8491-4488CC837775}.Release|Any CPU.ActiveCfg = Release|Any CPU
		{DB377EE3-EE88-440B-8491-4488CC837775}.Release|Any CPU.Build.0 = Release|Any CPU
		{2EC32CA0-3003-49D1-9E40-73B8EFA94A4C}.Debug|Any CPU.ActiveCfg = Debug|Any CPU
		{2EC32CA0-3003-49D1-9E40-73B8EFA94A4C}.Debug|Any CPU.Build.0 = Debug|Any CPU
		{2EC32CA0-3003-49D1-9E40-73B8EFA94A4C}.Release|Any CPU.ActiveCfg = Release|Any CPU
		{2EC32CA0-3003-49D1-9E40-73B8EFA94A4C}.Release|Any CPU.Build.0 = Release|Any CPU
	EndGlobalSection
	GlobalSection(SolutionProperties) = preSolution
		HideSolutionNode = FALSE
	EndGlobalSection
	GlobalSection(ExtensibilityGlobals) = postSolution
		SolutionGuid = {5A00DE44-7A43-488C-9C57-7A3D3F8ED073}
	EndGlobalSection
EndGlobal
