
Microsoft Visual Studio Solution File, Format Version 12.00
# Visual Studio 15
VisualStudioVersion = 15.0.27703.2042
MinimumVisualStudioVersion = 10.0.40219.1
Project("{9A19103F-16F7-4668-BE54-9A1E7A4F7556}") = "Vehicles", "Vehicles\Vehicles.csproj", "{EDEDFCCE-E376-461B-8332-07C096B7AF92}"
EndProject
Project("{9A19103F-16F7-4668-BE54-9A1E7A4F7556}") = "WildFarm", "WildFarm\WildFarm.csproj", "{741ACB28-9EEA-459D-9F8B-048F5C7D1526}"
EndProject
Project("{9A19103F-16F7-4668-BE54-9A1E7A4F7556}") = "VehiclesExtension", "VehiclesExtension\VehiclesExtension.csproj", "{97172BD6-C1D5-4E11-9768-F2C3F5F08485}"
EndProject
Global
	GlobalSection(SolutionConfigurationPlatforms) = preSolution
		Debug|Any CPU = Debug|Any CPU
		Release|Any CPU = Release|Any CPU
	EndGlobalSection
	GlobalSection(ProjectConfigurationPlatforms) = postSolution
		{EDEDFCCE-E376-461B-8332-07C096B7AF92}.Debug|Any CPU.ActiveCfg = Debug|Any CPU
		{EDEDFCCE-E376-461B-8332-07C096B7AF92}.Debug|Any CPU.Build.0 = Debug|Any CPU
		{EDEDFCCE-E376-461B-8332-07C096B7AF92}.Release|Any CPU.ActiveCfg = Release|Any CPU
		{EDEDFCCE-E376-461B-8332-07C096B7AF92}.Release|Any CPU.Build.0 = Release|Any CPU
		{741ACB28-9EEA-459D-9F8B-048F5C7D1526}.Debug|Any CPU.ActiveCfg = Debug|Any CPU
		{741ACB28-9EEA-459D-9F8B-048F5C7D1526}.Debug|Any CPU.Build.0 = Debug|Any CPU
		{741ACB28-9EEA-459D-9F8B-048F5C7D1526}.Release|Any CPU.ActiveCfg = Release|Any CPU
		{741ACB28-9EEA-459D-9F8B-048F5C7D1526}.Release|Any CPU.Build.0 = Release|Any CPU
		{97172BD6-C1D5-4E11-9768-F2C3F5F08485}.Debug|Any CPU.ActiveCfg = Debug|Any CPU
		{97172BD6-C1D5-4E11-9768-F2C3F5F08485}.Debug|Any CPU.Build.0 = Debug|Any CPU
		{97172BD6-C1D5-4E11-9768-F2C3F5F08485}.Release|Any CPU.ActiveCfg = Release|Any CPU
		{97172BD6-C1D5-4E11-9768-F2C3F5F08485}.Release|Any CPU.Build.0 = Release|Any CPU
	EndGlobalSection
	GlobalSection(SolutionProperties) = preSolution
		HideSolutionNode = FALSE
	EndGlobalSection
	GlobalSection(ExtensibilityGlobals) = postSolution
		SolutionGuid = {5BB431B6-420A-4860-B488-663274521C3E}
	EndGlobalSection
EndGlobal
