
Microsoft Visual Studio Solution File, Format Version 12.00
# Visual Studio 15
VisualStudioVersion = 15.0.28010.2026
MinimumVisualStudioVersion = 10.0.40219.1
Project("{FAE04EC0-301F-11D3-BF4B-00C04F79EFBC}") = "MatrixOfPalindromes", "MatrixOfPalindromes\MatrixOfPalindromes.csproj", "{5D8DD249-F970-49A0-A1BC-37AF29C382F3}"
EndProject
Project("{FAE04EC0-301F-11D3-BF4B-00C04F79EFBC}") = "DiagonalDifference", "DiagonalDifference\DiagonalDifference.csproj", "{ECDFBE92-42CB-4C5F-B54F-DC7D3D672952}"
EndProject
Project("{FAE04EC0-301F-11D3-BF4B-00C04F79EFBC}") = "SquaresInMatrix", "SquaresInMatrix\SquaresInMatrix.csproj", "{50233498-FE6F-444D-89FA-3B995021A5BB}"
EndProject
Project("{FAE04EC0-301F-11D3-BF4B-00C04F79EFBC}") = "MaximalSum", "MaximalSum\MaximalSum.csproj", "{E125298E-F860-42A9-86CA-226A93E6E102}"
EndProject
Project("{FAE04EC0-301F-11D3-BF4B-00C04F79EFBC}") = "RubiksMatrix", "RubiksMatrix\RubiksMatrix.csproj", "{D31503C4-A842-40AA-AFE8-C2D0AFF48288}"
EndProject
Project("{FAE04EC0-301F-11D3-BF4B-00C04F79EFBC}") = "TargetPractice", "TargetPractice\TargetPractice.csproj", "{CE22A532-A4B8-403A-94F6-0148C97CDA39}"
EndProject
Project("{FAE04EC0-301F-11D3-BF4B-00C04F79EFBC}") = "LegoBlocks", "LegoBlocks\LegoBlocks.csproj", "{01DEDDE4-D5FB-4B30-8BDC-5314A301715A}"
EndProject
Project("{FAE04EC0-301F-11D3-BF4B-00C04F79EFBC}") = "RadioactiveBunnies", "RadioactiveBunnies\RadioactiveBunnies.csproj", "{6898231F-DD03-446C-BBB7-061C1DC44F2C}"
EndProject
Project("{FAE04EC0-301F-11D3-BF4B-00C04F79EFBC}") = "Crossfire", "Crossfire\Crossfire.csproj", "{52BF89DD-6C12-4675-95F6-343F2A83060E}"
EndProject
Project("{FAE04EC0-301F-11D3-BF4B-00C04F79EFBC}") = "TheHeiganDance", "TheHeiganDance\TheHeiganDance.csproj", "{CF74B447-ACDB-4D55-8A98-9239E944BD93}"
EndProject
Project("{FAE04EC0-301F-11D3-BF4B-00C04F79EFBC}") = "ParkingSystem", "ParkingSystem\ParkingSystem.csproj", "{218E068D-03CD-46B0-9C0C-C18068568C26}"
EndProject
Project("{FAE04EC0-301F-11D3-BF4B-00C04F79EFBC}") = "StringMatrixRotation", "StringMatrixRotation\StringMatrixRotation.csproj", "{90B9AB1C-407B-48B1-AF65-9597775A6DA9}"
EndProject
Global
	GlobalSection(SolutionConfigurationPlatforms) = preSolution
		Debug|Any CPU = Debug|Any CPU
		Release|Any CPU = Release|Any CPU
	EndGlobalSection
	GlobalSection(ProjectConfigurationPlatforms) = postSolution
		{5D8DD249-F970-49A0-A1BC-37AF29C382F3}.Debug|Any CPU.ActiveCfg = Debug|Any CPU
		{5D8DD249-F970-49A0-A1BC-37AF29C382F3}.Debug|Any CPU.Build.0 = Debug|Any CPU
		{5D8DD249-F970-49A0-A1BC-37AF29C382F3}.Release|Any CPU.ActiveCfg = Release|Any CPU
		{5D8DD249-F970-49A0-A1BC-37AF29C382F3}.Release|Any CPU.Build.0 = Release|Any CPU
		{ECDFBE92-42CB-4C5F-B54F-DC7D3D672952}.Debug|Any CPU.ActiveCfg = Debug|Any CPU
		{ECDFBE92-42CB-4C5F-B54F-DC7D3D672952}.Debug|Any CPU.Build.0 = Debug|Any CPU
		{ECDFBE92-42CB-4C5F-B54F-DC7D3D672952}.Release|Any CPU.ActiveCfg = Release|Any CPU
		{ECDFBE92-42CB-4C5F-B54F-DC7D3D672952}.Release|Any CPU.Build.0 = Release|Any CPU
		{50233498-FE6F-444D-89FA-3B995021A5BB}.Debug|Any CPU.ActiveCfg = Debug|Any CPU
		{50233498-FE6F-444D-89FA-3B995021A5BB}.Debug|Any CPU.Build.0 = Debug|Any CPU
		{50233498-FE6F-444D-89FA-3B995021A5BB}.Release|Any CPU.ActiveCfg = Release|Any CPU
		{50233498-FE6F-444D-89FA-3B995021A5BB}.Release|Any CPU.Build.0 = Release|Any CPU
		{E125298E-F860-42A9-86CA-226A93E6E102}.Debug|Any CPU.ActiveCfg = Debug|Any CPU
		{E125298E-F860-42A9-86CA-226A93E6E102}.Debug|Any CPU.Build.0 = Debug|Any CPU
		{E125298E-F860-42A9-86CA-226A93E6E102}.Release|Any CPU.ActiveCfg = Release|Any CPU
		{E125298E-F860-42A9-86CA-226A93E6E102}.Release|Any CPU.Build.0 = Release|Any CPU
		{D31503C4-A842-40AA-AFE8-C2D0AFF48288}.Debug|Any CPU.ActiveCfg = Debug|Any CPU
		{D31503C4-A842-40AA-AFE8-C2D0AFF48288}.Debug|Any CPU.Build.0 = Debug|Any CPU
		{D31503C4-A842-40AA-AFE8-C2D0AFF48288}.Release|Any CPU.ActiveCfg = Release|Any CPU
		{D31503C4-A842-40AA-AFE8-C2D0AFF48288}.Release|Any CPU.Build.0 = Release|Any CPU
		{CE22A532-A4B8-403A-94F6-0148C97CDA39}.Debug|Any CPU.ActiveCfg = Debug|Any CPU
		{CE22A532-A4B8-403A-94F6-0148C97CDA39}.Debug|Any CPU.Build.0 = Debug|Any CPU
		{CE22A532-A4B8-403A-94F6-0148C97CDA39}.Release|Any CPU.ActiveCfg = Release|Any CPU
		{CE22A532-A4B8-403A-94F6-0148C97CDA39}.Release|Any CPU.Build.0 = Release|Any CPU
		{01DEDDE4-D5FB-4B30-8BDC-5314A301715A}.Debug|Any CPU.ActiveCfg = Debug|Any CPU
		{01DEDDE4-D5FB-4B30-8BDC-5314A301715A}.Debug|Any CPU.Build.0 = Debug|Any CPU
		{01DEDDE4-D5FB-4B30-8BDC-5314A301715A}.Release|Any CPU.ActiveCfg = Release|Any CPU
		{01DEDDE4-D5FB-4B30-8BDC-5314A301715A}.Release|Any CPU.Build.0 = Release|Any CPU
		{6898231F-DD03-446C-BBB7-061C1DC44F2C}.Debug|Any CPU.ActiveCfg = Debug|Any CPU
		{6898231F-DD03-446C-BBB7-061C1DC44F2C}.Debug|Any CPU.Build.0 = Debug|Any CPU
		{6898231F-DD03-446C-BBB7-061C1DC44F2C}.Release|Any CPU.ActiveCfg = Release|Any CPU
		{6898231F-DD03-446C-BBB7-061C1DC44F2C}.Release|Any CPU.Build.0 = Release|Any CPU
		{52BF89DD-6C12-4675-95F6-343F2A83060E}.Debug|Any CPU.ActiveCfg = Debug|Any CPU
		{52BF89DD-6C12-4675-95F6-343F2A83060E}.Debug|Any CPU.Build.0 = Debug|Any CPU
		{52BF89DD-6C12-4675-95F6-343F2A83060E}.Release|Any CPU.ActiveCfg = Release|Any CPU
		{52BF89DD-6C12-4675-95F6-343F2A83060E}.Release|Any CPU.Build.0 = Release|Any CPU
		{CF74B447-ACDB-4D55-8A98-9239E944BD93}.Debug|Any CPU.ActiveCfg = Debug|Any CPU
		{CF74B447-ACDB-4D55-8A98-9239E944BD93}.Debug|Any CPU.Build.0 = Debug|Any CPU
		{CF74B447-ACDB-4D55-8A98-9239E944BD93}.Release|Any CPU.ActiveCfg = Release|Any CPU
		{CF74B447-ACDB-4D55-8A98-9239E944BD93}.Release|Any CPU.Build.0 = Release|Any CPU
		{218E068D-03CD-46B0-9C0C-C18068568C26}.Debug|Any CPU.ActiveCfg = Debug|Any CPU
		{218E068D-03CD-46B0-9C0C-C18068568C26}.Debug|Any CPU.Build.0 = Debug|Any CPU
		{218E068D-03CD-46B0-9C0C-C18068568C26}.Release|Any CPU.ActiveCfg = Release|Any CPU
		{218E068D-03CD-46B0-9C0C-C18068568C26}.Release|Any CPU.Build.0 = Release|Any CPU
		{90B9AB1C-407B-48B1-AF65-9597775A6DA9}.Debug|Any CPU.ActiveCfg = Debug|Any CPU
		{90B9AB1C-407B-48B1-AF65-9597775A6DA9}.Debug|Any CPU.Build.0 = Debug|Any CPU
		{90B9AB1C-407B-48B1-AF65-9597775A6DA9}.Release|Any CPU.ActiveCfg = Release|Any CPU
		{90B9AB1C-407B-48B1-AF65-9597775A6DA9}.Release|Any CPU.Build.0 = Release|Any CPU
	EndGlobalSection
	GlobalSection(SolutionProperties) = preSolution
		HideSolutionNode = FALSE
	EndGlobalSection
	GlobalSection(ExtensibilityGlobals) = postSolution
		SolutionGuid = {5D9C6868-AC44-4ED5-9E6A-4A5A2C42807C}
	EndGlobalSection
EndGlobal
