
Microsoft Visual Studio Solution File, Format Version 12.00
# Visual Studio 15
VisualStudioVersion = 15.0.27703.2042
MinimumVisualStudioVersion = 10.0.40219.1
Project("{9A19103F-16F7-4668-BE54-9A1E7A4F7556}") = "Shapes", "Shapes\Shapes.csproj", "{E11947D2-AF3F-44ED-9102-017B867FD0E2}"
EndProject
Project("{FAE04EC0-301F-11D3-BF4B-00C04F79EFBC}") = "Cars", "Cars\Cars.csproj", "{6FC1F34A-28E4-423E-A498-729C87A25038}"
EndProject
Global
	GlobalSection(SolutionConfigurationPlatforms) = preSolution
		Debug|Any CPU = Debug|Any CPU
		Release|Any CPU = Release|Any CPU
	EndGlobalSection
	GlobalSection(ProjectConfigurationPlatforms) = postSolution
		{E11947D2-AF3F-44ED-9102-017B867FD0E2}.Debug|Any CPU.ActiveCfg = Debug|Any CPU
		{E11947D2-AF3F-44ED-9102-017B867FD0E2}.Debug|Any CPU.Build.0 = Debug|Any CPU
		{E11947D2-AF3F-44ED-9102-017B867FD0E2}.Release|Any CPU.ActiveCfg = Release|Any CPU
		{E11947D2-AF3F-44ED-9102-017B867FD0E2}.Release|Any CPU.Build.0 = Release|Any CPU
		{6FC1F34A-28E4-423E-A498-729C87A25038}.Debug|Any CPU.ActiveCfg = Debug|Any CPU
		{6FC1F34A-28E4-423E-A498-729C87A25038}.Debug|Any CPU.Build.0 = Debug|Any CPU
		{6FC1F34A-28E4-423E-A498-729C87A25038}.Release|Any CPU.ActiveCfg = Release|Any CPU
		{6FC1F34A-28E4-423E-A498-729C87A25038}.Release|Any CPU.Build.0 = Release|Any CPU
	EndGlobalSection
	GlobalSection(SolutionProperties) = preSolution
		HideSolutionNode = FALSE
	EndGlobalSection
	GlobalSection(ExtensibilityGlobals) = postSolution
		SolutionGuid = {9EB33491-D722-4DC0-9982-A79F268AD477}
	EndGlobalSection
EndGlobal
