
Microsoft Visual Studio Solution File, Format Version 12.00
# Visual Studio 15
VisualStudioVersion = 15.0.27703.2042
MinimumVisualStudioVersion = 10.0.40219.1
Project("{9A19103F-16F7-4668-BE54-9A1E7A4F7556}") = "ReverseStrings", "ReverseStrings\ReverseStrings.csproj", "{62F51D00-8B96-4E8D-937F-67B45788104E}"
EndProject
Project("{9A19103F-16F7-4668-BE54-9A1E7A4F7556}") = "SimpleCalculator", "SimpleCalculator\SimpleCalculator.csproj", "{D0056C23-0945-4C49-BA4D-01C4F3C109F2}"
EndProject
Project("{9A19103F-16F7-4668-BE54-9A1E7A4F7556}") = "DecimalToBinaryConverter", "DecimalToBinaryConverter\DecimalToBinaryConverter.csproj", "{D0903804-B4D5-4A7C-A499-9F1F98B6051B}"
EndProject
Project("{9A19103F-16F7-4668-BE54-9A1E7A4F7556}") = "MatchingBrackets", "MatchingBrackets\MatchingBrackets.csproj", "{EEB5CAF0-D8CD-46DF-A5FB-36110C27E02E}"
EndProject
Project("{FAE04EC0-301F-11D3-BF4B-00C04F79EFBC}") = "HotPotato", "HotPotato\HotPotato.csproj", "{160B7497-DD4A-417C-A7BF-AD19B38B39BA}"
EndProject
Project("{FAE04EC0-301F-11D3-BF4B-00C04F79EFBC}") = "TrafficJam", "TrafficJam\TrafficJam.csproj", "{65F6674F-DAA9-4934-9FF2-5A061C9B3C29}"
EndProject
Global
	GlobalSection(SolutionConfigurationPlatforms) = preSolution
		Debug|Any CPU = Debug|Any CPU
		Release|Any CPU = Release|Any CPU
	EndGlobalSection
	GlobalSection(ProjectConfigurationPlatforms) = postSolution
		{62F51D00-8B96-4E8D-937F-67B45788104E}.Debug|Any CPU.ActiveCfg = Debug|Any CPU
		{62F51D00-8B96-4E8D-937F-67B45788104E}.Debug|Any CPU.Build.0 = Debug|Any CPU
		{62F51D00-8B96-4E8D-937F-67B45788104E}.Release|Any CPU.ActiveCfg = Release|Any CPU
		{62F51D00-8B96-4E8D-937F-67B45788104E}.Release|Any CPU.Build.0 = Release|Any CPU
		{D0056C23-0945-4C49-BA4D-01C4F3C109F2}.Debug|Any CPU.ActiveCfg = Debug|Any CPU
		{D0056C23-0945-4C49-BA4D-01C4F3C109F2}.Debug|Any CPU.Build.0 = Debug|Any CPU
		{D0056C23-0945-4C49-BA4D-01C4F3C109F2}.Release|Any CPU.ActiveCfg = Release|Any CPU
		{D0056C23-0945-4C49-BA4D-01C4F3C109F2}.Release|Any CPU.Build.0 = Release|Any CPU
		{D0903804-B4D5-4A7C-A499-9F1F98B6051B}.Debug|Any CPU.ActiveCfg = Debug|Any CPU
		{D0903804-B4D5-4A7C-A499-9F1F98B6051B}.Debug|Any CPU.Build.0 = Debug|Any CPU
		{D0903804-B4D5-4A7C-A499-9F1F98B6051B}.Release|Any CPU.ActiveCfg = Release|Any CPU
		{D0903804-B4D5-4A7C-A499-9F1F98B6051B}.Release|Any CPU.Build.0 = Release|Any CPU
		{EEB5CAF0-D8CD-46DF-A5FB-36110C27E02E}.Debug|Any CPU.ActiveCfg = Debug|Any CPU
		{EEB5CAF0-D8CD-46DF-A5FB-36110C27E02E}.Debug|Any CPU.Build.0 = Debug|Any CPU
		{EEB5CAF0-D8CD-46DF-A5FB-36110C27E02E}.Release|Any CPU.ActiveCfg = Release|Any CPU
		{EEB5CAF0-D8CD-46DF-A5FB-36110C27E02E}.Release|Any CPU.Build.0 = Release|Any CPU
		{160B7497-DD4A-417C-A7BF-AD19B38B39BA}.Debug|Any CPU.ActiveCfg = Debug|Any CPU
		{160B7497-DD4A-417C-A7BF-AD19B38B39BA}.Debug|Any CPU.Build.0 = Debug|Any CPU
		{160B7497-DD4A-417C-A7BF-AD19B38B39BA}.Release|Any CPU.ActiveCfg = Release|Any CPU
		{160B7497-DD4A-417C-A7BF-AD19B38B39BA}.Release|Any CPU.Build.0 = Release|Any CPU
		{65F6674F-DAA9-4934-9FF2-5A061C9B3C29}.Debug|Any CPU.ActiveCfg = Debug|Any CPU
		{65F6674F-DAA9-4934-9FF2-5A061C9B3C29}.Debug|Any CPU.Build.0 = Debug|Any CPU
		{65F6674F-DAA9-4934-9FF2-5A061C9B3C29}.Release|Any CPU.ActiveCfg = Release|Any CPU
		{65F6674F-DAA9-4934-9FF2-5A061C9B3C29}.Release|Any CPU.Build.0 = Release|Any CPU
	EndGlobalSection
	GlobalSection(SolutionProperties) = preSolution
		HideSolutionNode = FALSE
	EndGlobalSection
	GlobalSection(ExtensibilityGlobals) = postSolution
		SolutionGuid = {444693B3-0B27-43D2-B6DA-C5CF6CE8F636}
	EndGlobalSection
EndGlobal
